# THIS IS AN AUTOGENERATED FILE. DO NOT EDIT THIS FILE DIRECTLY.
# yarn lockfile v1


"@babel/code-frame@7.0.0-beta.54":
  version "7.0.0-beta.54"
  resolved "https://registry.yarnpkg.com/@babel/code-frame/-/code-frame-7.0.0-beta.54.tgz#0024f96fdf7028a21d68e273afd4e953214a1ead"
  dependencies:
    "@babel/highlight" "7.0.0-beta.54"

"@babel/generator@7.0.0-beta.54":
  version "7.0.0-beta.54"
  resolved "https://registry.yarnpkg.com/@babel/generator/-/generator-7.0.0-beta.54.tgz#c043c7eebeebfd7e665d95c281a4aafc83d4e1c9"
  dependencies:
    "@babel/types" "7.0.0-beta.54"
    jsesc "^2.5.1"
    lodash "^4.17.5"
    source-map "^0.5.0"
    trim-right "^1.0.1"

"@babel/helper-annotate-as-pure@7.0.0-beta.54":
  version "7.0.0-beta.54"
  resolved "https://registry.yarnpkg.com/@babel/helper-annotate-as-pure/-/helper-annotate-as-pure-7.0.0-beta.54.tgz#1626126a3f9fc4ed280ac942372c7d39653d7121"
  dependencies:
    "@babel/types" "7.0.0-beta.54"

"@babel/helper-builder-react-jsx@7.0.0-beta.54":
  version "7.0.0-beta.54"
  resolved "https://registry.yarnpkg.com/@babel/helper-builder-react-jsx/-/helper-builder-react-jsx-7.0.0-beta.54.tgz#cad582ab1cb831f4dc34e9bcb4c4fa2f1fb6c986"
  dependencies:
    "@babel/types" "7.0.0-beta.54"
    esutils "^2.0.0"

"@babel/helper-function-name@7.0.0-beta.54":
  version "7.0.0-beta.54"
  resolved "https://registry.yarnpkg.com/@babel/helper-function-name/-/helper-function-name-7.0.0-beta.54.tgz#307875507a1eda2482a09a9a4df6a25632ffb34b"
  dependencies:
    "@babel/helper-get-function-arity" "7.0.0-beta.54"
    "@babel/template" "7.0.0-beta.54"
    "@babel/types" "7.0.0-beta.54"

"@babel/helper-get-function-arity@7.0.0-beta.54":
  version "7.0.0-beta.54"
  resolved "https://registry.yarnpkg.com/@babel/helper-get-function-arity/-/helper-get-function-arity-7.0.0-beta.54.tgz#757bd189b077074a004028cfde5f083c306cc6c4"
  dependencies:
    "@babel/types" "7.0.0-beta.54"

"@babel/helper-member-expression-to-functions@7.0.0-beta.54":
  version "7.0.0-beta.54"
  resolved "https://registry.yarnpkg.com/@babel/helper-member-expression-to-functions/-/helper-member-expression-to-functions-7.0.0-beta.54.tgz#bce9ddc484317b13d2615bafe2b524d0d56d99df"
  dependencies:
    "@babel/types" "7.0.0-beta.54"

"@babel/helper-optimise-call-expression@7.0.0-beta.54":
  version "7.0.0-beta.54"
  resolved "https://registry.yarnpkg.com/@babel/helper-optimise-call-expression/-/helper-optimise-call-expression-7.0.0-beta.54.tgz#4af8dd4ff90dbd29b3bcf85fff43952e2ae1016e"
  dependencies:
    "@babel/types" "7.0.0-beta.54"

"@babel/helper-plugin-utils@7.0.0-beta.54":
  version "7.0.0-beta.54"
  resolved "https://registry.yarnpkg.com/@babel/helper-plugin-utils/-/helper-plugin-utils-7.0.0-beta.54.tgz#61d2a9a0f9a3e31838a458debb9eebd7bdd249b4"

"@babel/helper-regex@7.0.0-beta.54":
  version "7.0.0-beta.54"
  resolved "https://registry.yarnpkg.com/@babel/helper-regex/-/helper-regex-7.0.0-beta.54.tgz#8ac562f855f132fc68dfd10b132552555ac870d9"
  dependencies:
    lodash "^4.17.5"

"@babel/helper-remap-async-to-generator@7.0.0-beta.54":
  version "7.0.0-beta.54"
  resolved "https://registry.yarnpkg.com/@babel/helper-remap-async-to-generator/-/helper-remap-async-to-generator-7.0.0-beta.54.tgz#39a50052aadd74d40c73b7c58eb963b90fac56d3"
  dependencies:
    "@babel/helper-annotate-as-pure" "7.0.0-beta.54"
    "@babel/helper-wrap-function" "7.0.0-beta.54"
    "@babel/template" "7.0.0-beta.54"
    "@babel/traverse" "7.0.0-beta.54"
    "@babel/types" "7.0.0-beta.54"

"@babel/helper-replace-supers@7.0.0-beta.54":
  version "7.0.0-beta.54"
  resolved "https://registry.yarnpkg.com/@babel/helper-replace-supers/-/helper-replace-supers-7.0.0-beta.54.tgz#901f5a1493a410799fd3ab3e0c0d29d18071c89f"
  dependencies:
    "@babel/helper-member-expression-to-functions" "7.0.0-beta.54"
    "@babel/helper-optimise-call-expression" "7.0.0-beta.54"
    "@babel/traverse" "7.0.0-beta.54"
    "@babel/types" "7.0.0-beta.54"

"@babel/helper-split-export-declaration@7.0.0-beta.54":
  version "7.0.0-beta.54"
  resolved "https://registry.yarnpkg.com/@babel/helper-split-export-declaration/-/helper-split-export-declaration-7.0.0-beta.54.tgz#89cd8833c95481a0827ac6a1bfccddb92b75a109"
  dependencies:
    "@babel/types" "7.0.0-beta.54"

"@babel/helper-wrap-function@7.0.0-beta.54":
  version "7.0.0-beta.54"
  resolved "https://registry.yarnpkg.com/@babel/helper-wrap-function/-/helper-wrap-function-7.0.0-beta.54.tgz#dc1b7a483a3074a3531b36523e03156d910a3a2a"
  dependencies:
    "@babel/helper-function-name" "7.0.0-beta.54"
    "@babel/template" "7.0.0-beta.54"
    "@babel/traverse" "7.0.0-beta.54"
    "@babel/types" "7.0.0-beta.54"

"@babel/highlight@7.0.0-beta.54":
  version "7.0.0-beta.54"
  resolved "https://registry.yarnpkg.com/@babel/highlight/-/highlight-7.0.0-beta.54.tgz#155d507358329b8e7068970017c3fd74a9b08584"
  dependencies:
    chalk "^2.0.0"
    esutils "^2.0.2"
    js-tokens "^3.0.0"

"@babel/parser@7.0.0-beta.54":
  version "7.0.0-beta.54"
  resolved "https://registry.yarnpkg.com/@babel/parser/-/parser-7.0.0-beta.54.tgz#c01aa63b57c9c8dce8744796c81d9df121f20db4"

"@babel/plugin-proposal-async-generator-functions@7.0.0-beta.54":
  version "7.0.0-beta.54"
  resolved "https://registry.yarnpkg.com/@babel/plugin-proposal-async-generator-functions/-/plugin-proposal-async-generator-functions-7.0.0-beta.54.tgz#19871bd655b5d748b0ae3e9ecebe247be8b7f83b"
  dependencies:
    "@babel/helper-plugin-utils" "7.0.0-beta.54"
    "@babel/helper-remap-async-to-generator" "7.0.0-beta.54"
    "@babel/plugin-syntax-async-generators" "7.0.0-beta.54"

"@babel/plugin-proposal-class-properties@7.0.0-beta.54":
  version "7.0.0-beta.54"
  resolved "https://registry.yarnpkg.com/@babel/plugin-proposal-class-properties/-/plugin-proposal-class-properties-7.0.0-beta.54.tgz#5953f0499c1e69e732d33a550bce8799aa6b76f3"
  dependencies:
    "@babel/helper-function-name" "7.0.0-beta.54"
    "@babel/helper-member-expression-to-functions" "7.0.0-beta.54"
    "@babel/helper-optimise-call-expression" "7.0.0-beta.54"
    "@babel/helper-plugin-utils" "7.0.0-beta.54"
    "@babel/helper-replace-supers" "7.0.0-beta.54"
    "@babel/plugin-syntax-class-properties" "7.0.0-beta.54"

"@babel/plugin-proposal-decorators@7.0.0-beta.54":
  version "7.0.0-beta.54"
  resolved "https://registry.yarnpkg.com/@babel/plugin-proposal-decorators/-/plugin-proposal-decorators-7.0.0-beta.54.tgz#eb14bd5223ced8ccec8e6b900ba025e04f49578d"
  dependencies:
    "@babel/helper-plugin-utils" "7.0.0-beta.54"
    "@babel/plugin-syntax-decorators" "7.0.0-beta.54"

"@babel/plugin-proposal-do-expressions@7.0.0-beta.54":
  version "7.0.0-beta.54"
  resolved "https://registry.yarnpkg.com/@babel/plugin-proposal-do-expressions/-/plugin-proposal-do-expressions-7.0.0-beta.54.tgz#7a4b705505f3d5c1144875dc0e9b46aae1a28406"
  dependencies:
    "@babel/helper-plugin-utils" "7.0.0-beta.54"
    "@babel/plugin-syntax-do-expressions" "7.0.0-beta.54"

"@babel/plugin-proposal-export-default-from@7.0.0-beta.54":
  version "7.0.0-beta.54"
  resolved "https://registry.yarnpkg.com/@babel/plugin-proposal-export-default-from/-/plugin-proposal-export-default-from-7.0.0-beta.54.tgz#affda344fedfdf6c14247efd34d314b476933942"
  dependencies:
    "@babel/helper-plugin-utils" "7.0.0-beta.54"
    "@babel/plugin-syntax-export-default-from" "7.0.0-beta.54"

"@babel/plugin-proposal-export-namespace-from@7.0.0-beta.54":
  version "7.0.0-beta.54"
  resolved "https://registry.yarnpkg.com/@babel/plugin-proposal-export-namespace-from/-/plugin-proposal-export-namespace-from-7.0.0-beta.54.tgz#87ccd73694aa0edb1ddb758da40b648036b40313"
  dependencies:
    "@babel/helper-plugin-utils" "7.0.0-beta.54"
    "@babel/plugin-syntax-export-namespace-from" "7.0.0-beta.54"

"@babel/plugin-proposal-function-sent@7.0.0-beta.54":
  version "7.0.0-beta.54"
  resolved "https://registry.yarnpkg.com/@babel/plugin-proposal-function-sent/-/plugin-proposal-function-sent-7.0.0-beta.54.tgz#18c3327ce497dc1014190581a2ba0aa67bbaa2f1"
  dependencies:
    "@babel/helper-plugin-utils" "7.0.0-beta.54"
    "@babel/helper-wrap-function" "7.0.0-beta.54"
    "@babel/plugin-syntax-function-sent" "7.0.0-beta.54"

"@babel/plugin-proposal-json-strings@7.0.0-beta.54":
  version "7.0.0-beta.54"
  resolved "https://registry.yarnpkg.com/@babel/plugin-proposal-json-strings/-/plugin-proposal-json-strings-7.0.0-beta.54.tgz#35292e0716b35ac8c279d6430836ce741c32fe5d"
  dependencies:
    "@babel/helper-plugin-utils" "7.0.0-beta.54"
    "@babel/plugin-syntax-json-strings" "7.0.0-beta.54"

"@babel/plugin-proposal-logical-assignment-operators@7.0.0-beta.54":
  version "7.0.0-beta.54"
  resolved "https://registry.yarnpkg.com/@babel/plugin-proposal-logical-assignment-operators/-/plugin-proposal-logical-assignment-operators-7.0.0-beta.54.tgz#1bb95181595aa899f25db4c2ab362cefc5c413ae"
  dependencies:
    "@babel/helper-plugin-utils" "7.0.0-beta.54"
    "@babel/plugin-syntax-logical-assignment-operators" "7.0.0-beta.54"

"@babel/plugin-proposal-nullish-coalescing-operator@7.0.0-beta.54":
  version "7.0.0-beta.54"
  resolved "https://registry.yarnpkg.com/@babel/plugin-proposal-nullish-coalescing-operator/-/plugin-proposal-nullish-coalescing-operator-7.0.0-beta.54.tgz#5b5176f3619dd17bcedfe99b58add67981efc46f"
  dependencies:
    "@babel/helper-plugin-utils" "7.0.0-beta.54"
    "@babel/plugin-syntax-nullish-coalescing-operator" "7.0.0-beta.54"

"@babel/plugin-proposal-numeric-separator@7.0.0-beta.54":
  version "7.0.0-beta.54"
  resolved "https://registry.yarnpkg.com/@babel/plugin-proposal-numeric-separator/-/plugin-proposal-numeric-separator-7.0.0-beta.54.tgz#d73566a69c475dc7b113f458845d2b445edf9294"
  dependencies:
    "@babel/helper-plugin-utils" "7.0.0-beta.54"
    "@babel/plugin-syntax-numeric-separator" "7.0.0-beta.54"

"@babel/plugin-proposal-object-rest-spread@7.0.0-beta.54":
  version "7.0.0-beta.54"
  resolved "https://registry.yarnpkg.com/@babel/plugin-proposal-object-rest-spread/-/plugin-proposal-object-rest-spread-7.0.0-beta.54.tgz#5481269a020dd0d38715a8094fed015d30ef4c2a"
  dependencies:
    "@babel/helper-plugin-utils" "7.0.0-beta.54"
    "@babel/plugin-syntax-object-rest-spread" "7.0.0-beta.54"

"@babel/plugin-proposal-optional-catch-binding@7.0.0-beta.54":
  version "7.0.0-beta.54"
  resolved "https://registry.yarnpkg.com/@babel/plugin-proposal-optional-catch-binding/-/plugin-proposal-optional-catch-binding-7.0.0-beta.54.tgz#931f69298fa0c411b2596616cf5a1d82925b87a9"
  dependencies:
    "@babel/helper-plugin-utils" "7.0.0-beta.54"
    "@babel/plugin-syntax-optional-catch-binding" "7.0.0-beta.54"

"@babel/plugin-proposal-optional-chaining@7.0.0-beta.54":
  version "7.0.0-beta.54"
  resolved "https://registry.yarnpkg.com/@babel/plugin-proposal-optional-chaining/-/plugin-proposal-optional-chaining-7.0.0-beta.54.tgz#4fca8cd7f9a37fa94c1ca41832fad29bfba5cd81"
  dependencies:
    "@babel/helper-plugin-utils" "7.0.0-beta.54"
    "@babel/plugin-syntax-optional-chaining" "7.0.0-beta.54"

"@babel/plugin-proposal-pipeline-operator@7.0.0-beta.54":
  version "7.0.0-beta.54"
  resolved "https://registry.yarnpkg.com/@babel/plugin-proposal-pipeline-operator/-/plugin-proposal-pipeline-operator-7.0.0-beta.54.tgz#bdf75415fd9094bcc18c2541ef986830dda1eb82"
  dependencies:
    "@babel/helper-plugin-utils" "7.0.0-beta.54"
    "@babel/plugin-syntax-pipeline-operator" "7.0.0-beta.54"

"@babel/plugin-proposal-throw-expressions@7.0.0-beta.54":
  version "7.0.0-beta.54"
  resolved "https://registry.yarnpkg.com/@babel/plugin-proposal-throw-expressions/-/plugin-proposal-throw-expressions-7.0.0-beta.54.tgz#0a015d86026f55251b790b515f91f566b50e15c0"
  dependencies:
    "@babel/helper-plugin-utils" "7.0.0-beta.54"
    "@babel/plugin-syntax-throw-expressions" "7.0.0-beta.54"

"@babel/plugin-proposal-unicode-property-regex@7.0.0-beta.54":
  version "7.0.0-beta.54"
  resolved "https://registry.yarnpkg.com/@babel/plugin-proposal-unicode-property-regex/-/plugin-proposal-unicode-property-regex-7.0.0-beta.54.tgz#1624631faf688bcbde4918712bd0af7186f7d245"
  dependencies:
    "@babel/helper-plugin-utils" "7.0.0-beta.54"
    "@babel/helper-regex" "7.0.0-beta.54"
    regexpu-core "^4.2.0"

"@babel/plugin-syntax-async-generators@7.0.0-beta.54":
  version "7.0.0-beta.54"
  resolved "https://registry.yarnpkg.com/@babel/plugin-syntax-async-generators/-/plugin-syntax-async-generators-7.0.0-beta.54.tgz#ffac8f64927614762897cc9643495fd38097dd41"
  dependencies:
    "@babel/helper-plugin-utils" "7.0.0-beta.54"

"@babel/plugin-syntax-class-properties@7.0.0-beta.54":
  version "7.0.0-beta.54"
  resolved "https://registry.yarnpkg.com/@babel/plugin-syntax-class-properties/-/plugin-syntax-class-properties-7.0.0-beta.54.tgz#5e70f22dc3628c1d35402b63ff1a8f8e005bd871"
  dependencies:
    "@babel/helper-plugin-utils" "7.0.0-beta.54"

"@babel/plugin-syntax-decorators@7.0.0-beta.54":
  version "7.0.0-beta.54"
  resolved "https://registry.yarnpkg.com/@babel/plugin-syntax-decorators/-/plugin-syntax-decorators-7.0.0-beta.54.tgz#4b3c57ecb3b35a9c995447e083bd6b503edc95ba"
  dependencies:
    "@babel/helper-plugin-utils" "7.0.0-beta.54"

"@babel/plugin-syntax-do-expressions@7.0.0-beta.54":
  version "7.0.0-beta.54"
  resolved "https://registry.yarnpkg.com/@babel/plugin-syntax-do-expressions/-/plugin-syntax-do-expressions-7.0.0-beta.54.tgz#36c2b1ac605c8644db483369690bd58427b7b913"
  dependencies:
    "@babel/helper-plugin-utils" "7.0.0-beta.54"

"@babel/plugin-syntax-dynamic-import@7.0.0-beta.54":
  version "7.0.0-beta.54"
  resolved "https://registry.yarnpkg.com/@babel/plugin-syntax-dynamic-import/-/plugin-syntax-dynamic-import-7.0.0-beta.54.tgz#c962627f4e1a15da6d0842306d421e7b1e52f587"
  dependencies:
    "@babel/helper-plugin-utils" "7.0.0-beta.54"

"@babel/plugin-syntax-export-default-from@7.0.0-beta.54":
  version "7.0.0-beta.54"
  resolved "https://registry.yarnpkg.com/@babel/plugin-syntax-export-default-from/-/plugin-syntax-export-default-from-7.0.0-beta.54.tgz#77b5a112f173cb271ab703fb4360d159e6188128"
  dependencies:
    "@babel/helper-plugin-utils" "7.0.0-beta.54"

"@babel/plugin-syntax-export-namespace-from@7.0.0-beta.54":
  version "7.0.0-beta.54"
  resolved "https://registry.yarnpkg.com/@babel/plugin-syntax-export-namespace-from/-/plugin-syntax-export-namespace-from-7.0.0-beta.54.tgz#fbe44261b46d388e10def932203eaf05d12dcdb7"
  dependencies:
    "@babel/helper-plugin-utils" "7.0.0-beta.54"

"@babel/plugin-syntax-function-sent@7.0.0-beta.54":
  version "7.0.0-beta.54"
  resolved "https://registry.yarnpkg.com/@babel/plugin-syntax-function-sent/-/plugin-syntax-function-sent-7.0.0-beta.54.tgz#772daa8bef744790579e3568d989b860af3993d1"
  dependencies:
    "@babel/helper-plugin-utils" "7.0.0-beta.54"

"@babel/plugin-syntax-import-meta@7.0.0-beta.54":
  version "7.0.0-beta.54"
  resolved "https://registry.yarnpkg.com/@babel/plugin-syntax-import-meta/-/plugin-syntax-import-meta-7.0.0-beta.54.tgz#3c54d07aafe09714303b995ac4ad6b10b0fdbc30"
  dependencies:
    "@babel/helper-plugin-utils" "7.0.0-beta.54"

"@babel/plugin-syntax-json-strings@7.0.0-beta.54":
  version "7.0.0-beta.54"
  resolved "https://registry.yarnpkg.com/@babel/plugin-syntax-json-strings/-/plugin-syntax-json-strings-7.0.0-beta.54.tgz#7f53c35362f359e5881e21278ca3359dc0bb7055"
  dependencies:
    "@babel/helper-plugin-utils" "7.0.0-beta.54"

"@babel/plugin-syntax-jsx@7.0.0-beta.54":
  version "7.0.0-beta.54"
  resolved "https://registry.yarnpkg.com/@babel/plugin-syntax-jsx/-/plugin-syntax-jsx-7.0.0-beta.54.tgz#71171aee902b94ccf2e22a810d1426b5165b8d84"
  dependencies:
    "@babel/helper-plugin-utils" "7.0.0-beta.54"

"@babel/plugin-syntax-logical-assignment-operators@7.0.0-beta.54":
  version "7.0.0-beta.54"
  resolved "https://registry.yarnpkg.com/@babel/plugin-syntax-logical-assignment-operators/-/plugin-syntax-logical-assignment-operators-7.0.0-beta.54.tgz#82adc9cb5692a51c5a49a266e9e27f43ebf88ab9"
  dependencies:
    "@babel/helper-plugin-utils" "7.0.0-beta.54"

"@babel/plugin-syntax-nullish-coalescing-operator@7.0.0-beta.54":
  version "7.0.0-beta.54"
  resolved "https://registry.yarnpkg.com/@babel/plugin-syntax-nullish-coalescing-operator/-/plugin-syntax-nullish-coalescing-operator-7.0.0-beta.54.tgz#872b7be782ba170f12196ff5421c14fdfb8e6f9d"
  dependencies:
    "@babel/helper-plugin-utils" "7.0.0-beta.54"

"@babel/plugin-syntax-numeric-separator@7.0.0-beta.54":
  version "7.0.0-beta.54"
  resolved "https://registry.yarnpkg.com/@babel/plugin-syntax-numeric-separator/-/plugin-syntax-numeric-separator-7.0.0-beta.54.tgz#9e4f56f78e0dc28cc81bcce95da4c33b9e58115e"
  dependencies:
    "@babel/helper-plugin-utils" "7.0.0-beta.54"

"@babel/plugin-syntax-object-rest-spread@7.0.0-beta.54":
  version "7.0.0-beta.54"
  resolved "https://registry.yarnpkg.com/@babel/plugin-syntax-object-rest-spread/-/plugin-syntax-object-rest-spread-7.0.0-beta.54.tgz#e0f445612081ab573e2535adbabc7b710d17940c"
  dependencies:
    "@babel/helper-plugin-utils" "7.0.0-beta.54"

"@babel/plugin-syntax-optional-catch-binding@7.0.0-beta.54":
  version "7.0.0-beta.54"
  resolved "https://registry.yarnpkg.com/@babel/plugin-syntax-optional-catch-binding/-/plugin-syntax-optional-catch-binding-7.0.0-beta.54.tgz#2eb8ddde19ddf73a343d087a087159ed44e54809"
  dependencies:
    "@babel/helper-plugin-utils" "7.0.0-beta.54"

"@babel/plugin-syntax-optional-chaining@7.0.0-beta.54":
  version "7.0.0-beta.54"
  resolved "https://registry.yarnpkg.com/@babel/plugin-syntax-optional-chaining/-/plugin-syntax-optional-chaining-7.0.0-beta.54.tgz#40dc10c00d9acd523c6ac1f9332652b1e5af4f20"
  dependencies:
    "@babel/helper-plugin-utils" "7.0.0-beta.54"

"@babel/plugin-syntax-pipeline-operator@7.0.0-beta.54":
  version "7.0.0-beta.54"
  resolved "https://registry.yarnpkg.com/@babel/plugin-syntax-pipeline-operator/-/plugin-syntax-pipeline-operator-7.0.0-beta.54.tgz#980c9abdc2ebeb84f5e02b5e27e83fb237474c77"
  dependencies:
    "@babel/helper-plugin-utils" "7.0.0-beta.54"

"@babel/plugin-syntax-throw-expressions@7.0.0-beta.54":
  version "7.0.0-beta.54"
  resolved "https://registry.yarnpkg.com/@babel/plugin-syntax-throw-expressions/-/plugin-syntax-throw-expressions-7.0.0-beta.54.tgz#d3058ab0c63fe690aba152c2e7b08294e5b77a9f"
  dependencies:
    "@babel/helper-plugin-utils" "7.0.0-beta.54"

"@babel/plugin-transform-react-display-name@7.0.0-beta.54":
  version "7.0.0-beta.54"
  resolved "https://registry.yarnpkg.com/@babel/plugin-transform-react-display-name/-/plugin-transform-react-display-name-7.0.0-beta.54.tgz#87cb6a2bbc25db16fad7f6ec86a10787f482118c"
  dependencies:
    "@babel/helper-plugin-utils" "7.0.0-beta.54"

"@babel/plugin-transform-react-jsx-self@7.0.0-beta.54":
  version "7.0.0-beta.54"
  resolved "https://registry.yarnpkg.com/@babel/plugin-transform-react-jsx-self/-/plugin-transform-react-jsx-self-7.0.0-beta.54.tgz#004e6358bcdecd0f9e9042cbbf80b6e9d81a6e75"
  dependencies:
    "@babel/helper-plugin-utils" "7.0.0-beta.54"
    "@babel/plugin-syntax-jsx" "7.0.0-beta.54"

"@babel/plugin-transform-react-jsx-source@7.0.0-beta.54":
  version "7.0.0-beta.54"
  resolved "https://registry.yarnpkg.com/@babel/plugin-transform-react-jsx-source/-/plugin-transform-react-jsx-source-7.0.0-beta.54.tgz#1d6eee65ff772fb002b995e538c0c9615ed6a3f7"
  dependencies:
    "@babel/helper-plugin-utils" "7.0.0-beta.54"
    "@babel/plugin-syntax-jsx" "7.0.0-beta.54"

"@babel/plugin-transform-react-jsx@7.0.0-beta.54":
  version "7.0.0-beta.54"
  resolved "https://registry.yarnpkg.com/@babel/plugin-transform-react-jsx/-/plugin-transform-react-jsx-7.0.0-beta.54.tgz#7e9b6a624b6406d438b44a8fad23d437a7613b66"
  dependencies:
    "@babel/helper-builder-react-jsx" "7.0.0-beta.54"
    "@babel/helper-plugin-utils" "7.0.0-beta.54"
    "@babel/plugin-syntax-jsx" "7.0.0-beta.54"

"@babel/preset-react@^7.0.0-beta.54":
  version "7.0.0-beta.54"
  resolved "https://registry.yarnpkg.com/@babel/preset-react/-/preset-react-7.0.0-beta.54.tgz#98021037a74b27b46a46d3b28e84a1f2f406dadb"
  dependencies:
    "@babel/helper-plugin-utils" "7.0.0-beta.54"
    "@babel/plugin-transform-react-display-name" "7.0.0-beta.54"
    "@babel/plugin-transform-react-jsx" "7.0.0-beta.54"
    "@babel/plugin-transform-react-jsx-self" "7.0.0-beta.54"
    "@babel/plugin-transform-react-jsx-source" "7.0.0-beta.54"

"@babel/preset-stage-1@^7.0.0-beta.54":
  version "7.0.0-beta.54"
  resolved "https://registry.yarnpkg.com/@babel/preset-stage-1/-/preset-stage-1-7.0.0-beta.54.tgz#b084f81673ec64d3ecd058c8ec0a89052ac5c8a2"
  dependencies:
    "@babel/helper-plugin-utils" "7.0.0-beta.54"
    "@babel/plugin-proposal-do-expressions" "7.0.0-beta.54"
    "@babel/plugin-proposal-export-default-from" "7.0.0-beta.54"
    "@babel/plugin-proposal-logical-assignment-operators" "7.0.0-beta.54"
    "@babel/plugin-proposal-nullish-coalescing-operator" "7.0.0-beta.54"
    "@babel/plugin-proposal-optional-chaining" "7.0.0-beta.54"
    "@babel/plugin-proposal-pipeline-operator" "7.0.0-beta.54"
    "@babel/preset-stage-2" "7.0.0-beta.54"

"@babel/preset-stage-2@7.0.0-beta.54":
  version "7.0.0-beta.54"
  resolved "https://registry.yarnpkg.com/@babel/preset-stage-2/-/preset-stage-2-7.0.0-beta.54.tgz#bf91b0d1317eeef1ff28826c7f0252fbc1bdd4fa"
  dependencies:
    "@babel/helper-plugin-utils" "7.0.0-beta.54"
    "@babel/plugin-proposal-decorators" "7.0.0-beta.54"
    "@babel/plugin-proposal-export-namespace-from" "7.0.0-beta.54"
    "@babel/plugin-proposal-function-sent" "7.0.0-beta.54"
    "@babel/plugin-proposal-numeric-separator" "7.0.0-beta.54"
    "@babel/plugin-proposal-throw-expressions" "7.0.0-beta.54"
    "@babel/preset-stage-3" "7.0.0-beta.54"

"@babel/preset-stage-3@7.0.0-beta.54":
  version "7.0.0-beta.54"
  resolved "https://registry.yarnpkg.com/@babel/preset-stage-3/-/preset-stage-3-7.0.0-beta.54.tgz#9275b4ea908011a2dae54d59154a380673668cc6"
  dependencies:
    "@babel/helper-plugin-utils" "7.0.0-beta.54"
    "@babel/plugin-proposal-async-generator-functions" "7.0.0-beta.54"
    "@babel/plugin-proposal-class-properties" "7.0.0-beta.54"
    "@babel/plugin-proposal-json-strings" "7.0.0-beta.54"
    "@babel/plugin-proposal-object-rest-spread" "7.0.0-beta.54"
    "@babel/plugin-proposal-optional-catch-binding" "7.0.0-beta.54"
    "@babel/plugin-proposal-unicode-property-regex" "7.0.0-beta.54"
    "@babel/plugin-syntax-dynamic-import" "7.0.0-beta.54"
    "@babel/plugin-syntax-import-meta" "7.0.0-beta.54"

"@babel/template@7.0.0-beta.54":
  version "7.0.0-beta.54"
  resolved "https://registry.yarnpkg.com/@babel/template/-/template-7.0.0-beta.54.tgz#d5b0d2d2d55c0e78b048c61a058f36cfd7d91af3"
  dependencies:
    "@babel/code-frame" "7.0.0-beta.54"
    "@babel/parser" "7.0.0-beta.54"
    "@babel/types" "7.0.0-beta.54"
    lodash "^4.17.5"

"@babel/traverse@7.0.0-beta.54":
  version "7.0.0-beta.54"
  resolved "https://registry.yarnpkg.com/@babel/traverse/-/traverse-7.0.0-beta.54.tgz#2c17f98dcdbf19aa918fde128f0e1a0bc089e05a"
  dependencies:
    "@babel/code-frame" "7.0.0-beta.54"
    "@babel/generator" "7.0.0-beta.54"
    "@babel/helper-function-name" "7.0.0-beta.54"
    "@babel/helper-split-export-declaration" "7.0.0-beta.54"
    "@babel/parser" "7.0.0-beta.54"
    "@babel/types" "7.0.0-beta.54"
    debug "^3.1.0"
    globals "^11.1.0"
    lodash "^4.17.5"

"@babel/types@7.0.0-beta.54":
  version "7.0.0-beta.54"
  resolved "https://registry.yarnpkg.com/@babel/types/-/types-7.0.0-beta.54.tgz#025ad68492fed542c13f14c579a44c848e531063"
  dependencies:
    esutils "^2.0.2"
    lodash "^4.17.5"
    to-fast-properties "^2.0.0"

ansi-styles@^3.2.1:
  version "3.2.1"
  resolved "https://registry.yarnpkg.com/ansi-styles/-/ansi-styles-3.2.1.tgz#41fbb20243e50b12be0f04b8dedbf07520ce841d"
  dependencies:
    color-convert "^1.9.0"

asap@~2.0.3:
  version "2.0.6"
  resolved "https://registry.yarnpkg.com/asap/-/asap-2.0.6.tgz#e50347611d7e690943208bbdafebcbc2fb866d46"

chalk@^2.0.0:
  version "2.4.1"
  resolved "https://registry.yarnpkg.com/chalk/-/chalk-2.4.1.tgz#18c49ab16a037b6eb0152cc83e3471338215b66e"
  dependencies:
    ansi-styles "^3.2.1"
    escape-string-regexp "^1.0.5"
    supports-color "^5.3.0"

color-convert@^1.9.0:
  version "1.9.2"
  resolved "https://registry.yarnpkg.com/color-convert/-/color-convert-1.9.2.tgz#49881b8fba67df12a96bdf3f56c0aab9e7913147"
  dependencies:
    color-name "1.1.1"

color-name@1.1.1:
  version "1.1.1"
  resolved "https://registry.yarnpkg.com/color-name/-/color-name-1.1.1.tgz#4b1415304cf50028ea81643643bd82ea05803689"

core-js@^1.0.0:
  version "1.2.7"
  resolved "https://registry.yarnpkg.com/core-js/-/core-js-1.2.7.tgz#652294c14651db28fa93bd2d5ff2983a4f08c636"

debug@^3.1.0:
  version "3.1.0"
  resolved "https://registry.yarnpkg.com/debug/-/debug-3.1.0.tgz#5bb5a0672628b64149566ba16819e61518c67261"
  dependencies:
    ms "2.0.0"

encoding@^0.1.11:
  version "0.1.12"
  resolved "https://registry.yarnpkg.com/encoding/-/encoding-0.1.12.tgz#538b66f3ee62cd1ab51ec323829d1f9480c74beb"
  dependencies:
    iconv-lite "~0.4.13"

escape-string-regexp@^1.0.5:
  version "1.0.5"
  resolved "https://registry.yarnpkg.com/escape-string-regexp/-/escape-string-regexp-1.0.5.tgz#1b61c0562190a8dff6ae3bb2cf0200ca130b86d4"

esutils@^2.0.0, esutils@^2.0.2:
  version "2.0.2"
  resolved "https://registry.yarnpkg.com/esutils/-/esutils-2.0.2.tgz#0abf4f1caa5bcb1f7a9d8acc6dea4faaa04bac9b"

fbjs@^0.8.16:
  version "0.8.17"
  resolved "https://registry.yarnpkg.com/fbjs/-/fbjs-0.8.17.tgz#c4d598ead6949112653d6588b01a5cdcd9f90fdd"
  dependencies:
    core-js "^1.0.0"
    isomorphic-fetch "^2.1.1"
    loose-envify "^1.0.0"
    object-assign "^4.1.0"
    promise "^7.1.1"
    setimmediate "^1.0.5"
    ua-parser-js "^0.7.18"

globals@^11.1.0:
  version "11.7.0"
  resolved "https://registry.yarnpkg.com/globals/-/globals-11.7.0.tgz#a583faa43055b1aca771914bf68258e2fc125673"

has-flag@^3.0.0:
  version "3.0.0"
  resolved "https://registry.yarnpkg.com/has-flag/-/has-flag-3.0.0.tgz#b5d454dc2199ae225699f3467e5a07f3b955bafd"

iconv-lite@~0.4.13:
  version "0.4.23"
  resolved "https://registry.yarnpkg.com/iconv-lite/-/iconv-lite-0.4.23.tgz#297871f63be507adcfbfca715d0cd0eed84e9a63"
  dependencies:
    safer-buffer ">= 2.1.2 < 3"

is-stream@^1.0.1:
  version "1.1.0"
  resolved "https://registry.yarnpkg.com/is-stream/-/is-stream-1.1.0.tgz#12d4a3dd4e68e0b79ceb8dbc84173ae80d91ca44"

isomorphic-fetch@^2.1.1:
  version "2.2.1"
  resolved "https://registry.yarnpkg.com/isomorphic-fetch/-/isomorphic-fetch-2.2.1.tgz#611ae1acf14f5e81f729507472819fe9733558a9"
  dependencies:
    node-fetch "^1.0.1"
    whatwg-fetch ">=0.10.0"

js-tokens@^3.0.0:
  version "3.0.2"
  resolved "https://registry.yarnpkg.com/js-tokens/-/js-tokens-3.0.2.tgz#9866df395102130e38f7f996bceb65443209c25b"

"js-tokens@^3.0.0 || ^4.0.0":
  version "4.0.0"
  resolved "https://registry.yarnpkg.com/js-tokens/-/js-tokens-4.0.0.tgz#19203fb59991df98e3a287050d4647cdeaf32499"

jsesc@^2.5.1:
  version "2.5.1"
  resolved "https://registry.yarnpkg.com/jsesc/-/jsesc-2.5.1.tgz#e421a2a8e20d6b0819df28908f782526b96dd1fe"

jsesc@~0.5.0:
  version "0.5.0"
  resolved "https://registry.yarnpkg.com/jsesc/-/jsesc-0.5.0.tgz#e7dee66e35d6fc16f710fe91d5cf69f70f08911d"

lodash@^4.17.5:
  version "4.17.10"
  resolved "https://registry.yarnpkg.com/lodash/-/lodash-4.17.10.tgz#1b7793cf7259ea38fb3661d4d38b3260af8ae4e7"

loose-envify@^1.0.0, loose-envify@^1.1.0, loose-envify@^1.3.1:
  version "1.4.0"
  resolved "https://registry.yarnpkg.com/loose-envify/-/loose-envify-1.4.0.tgz#71ee51fa7be4caec1a63839f7e682d8132d30caf"
  dependencies:
    js-tokens "^3.0.0 || ^4.0.0"

ms@2.0.0:
  version "2.0.0"
  resolved "https://registry.yarnpkg.com/ms/-/ms-2.0.0.tgz#5608aeadfc00be6c2901df5f9861788de0d597c8"

node-fetch@^1.0.1:
  version "1.7.3"
  resolved "https://registry.yarnpkg.com/node-fetch/-/node-fetch-1.7.3.tgz#980f6f72d85211a5347c6b2bc18c5b84c3eb47ef"
  dependencies:
    encoding "^0.1.11"
    is-stream "^1.0.1"

object-assign@^4.1.0, object-assign@^4.1.1:
  version "4.1.1"
  resolved "https://registry.yarnpkg.com/object-assign/-/object-assign-4.1.1.tgz#2109adc7965887cfc05cbbd442cac8bfbb360863"

promise@^7.1.1:
  version "7.3.1"
  resolved "https://registry.yarnpkg.com/promise/-/promise-7.3.1.tgz#064b72602b18f90f29192b8b1bc418ffd1ebd3bf"
  dependencies:
    asap "~2.0.3"

prop-types@^15.6.0, prop-types@^15.6.2:
  version "15.6.2"
  resolved "https://registry.yarnpkg.com/prop-types/-/prop-types-15.6.2.tgz#05d5ca77b4453e985d60fc7ff8c859094a497102"
  dependencies:
    loose-envify "^1.3.1"
    object-assign "^4.1.1"

react-dom@^16.4.1:
  version "16.4.1"
  resolved "https://registry.yarnpkg.com/react-dom/-/react-dom-16.4.1.tgz#7f8b0223b3a5fbe205116c56deb85de32685dad6"
  dependencies:
    fbjs "^0.8.16"
    loose-envify "^1.1.0"
    object-assign "^4.1.1"
    prop-types "^15.6.0"

react@^16.4.1:
  version "16.4.1"
  resolved "https://registry.yarnpkg.com/react/-/react-16.4.1.tgz#de51ba5764b5dbcd1f9079037b862bd26b82fe32"
  dependencies:
    fbjs "^0.8.16"
    loose-envify "^1.1.0"
    object-assign "^4.1.1"
    prop-types "^15.6.0"

regenerate-unicode-properties@^7.0.0:
  version "7.0.0"
  resolved "https://registry.yarnpkg.com/regenerate-unicode-properties/-/regenerate-unicode-properties-7.0.0.tgz#107405afcc4a190ec5ed450ecaa00ed0cafa7a4c"
  dependencies:
    regenerate "^1.4.0"

regenerate@^1.4.0:
  version "1.4.0"
  resolved "https://registry.yarnpkg.com/regenerate/-/regenerate-1.4.0.tgz#4a856ec4b56e4077c557589cae85e7a4c8869a11"

regexpu-core@^4.2.0:
  version "4.2.0"
  resolved "https://registry.yarnpkg.com/regexpu-core/-/regexpu-core-4.2.0.tgz#a3744fa03806cffe146dea4421a3e73bdcc47b1d"
  dependencies:
    regenerate "^1.4.0"
    regenerate-unicode-properties "^7.0.0"
    regjsgen "^0.4.0"
    regjsparser "^0.3.0"
    unicode-match-property-ecmascript "^1.0.4"
    unicode-match-property-value-ecmascript "^1.0.2"

regjsgen@^0.4.0:
  version "0.4.0"
  resolved "https://registry.yarnpkg.com/regjsgen/-/regjsgen-0.4.0.tgz#c1eb4c89a209263f8717c782591523913ede2561"

regjsparser@^0.3.0:
  version "0.3.0"
  resolved "https://registry.yarnpkg.com/regjsparser/-/regjsparser-0.3.0.tgz#3c326da7fcfd69fa0d332575a41c8c0cdf588c96"
  dependencies:
    jsesc "~0.5.0"

"safer-buffer@>= 2.1.2 < 3":
  version "2.1.2"
  resolved "https://registry.yarnpkg.com/safer-buffer/-/safer-buffer-2.1.2.tgz#44fa161b0187b9549dd84bb91802f9bd8385cd6a"

setimmediate@^1.0.5:
  version "1.0.5"
  resolved "https://registry.yarnpkg.com/setimmediate/-/setimmediate-1.0.5.tgz#290cbb232e306942d7d7ea9b83732ab7856f8285"

source-map@^0.5.0:
  version "0.5.7"
  resolved "https://registry.yarnpkg.com/source-map/-/source-map-0.5.7.tgz#8a039d2d1021d22d1ea14c80d8ea468ba2ef3fcc"

supports-color@^5.3.0:
  version "5.4.0"
  resolved "https://registry.yarnpkg.com/supports-color/-/supports-color-5.4.0.tgz#1c6b337402c2137605efe19f10fec390f6faab54"
  dependencies:
    has-flag "^3.0.0"

to-fast-properties@^2.0.0:
  version "2.0.0"
  resolved "https://registry.yarnpkg.com/to-fast-properties/-/to-fast-properties-2.0.0.tgz#dc5e698cbd079265bc73e0377681a4e4e83f616e"

trim-right@^1.0.1:
  version "1.0.1"
  resolved "https://registry.yarnpkg.com/trim-right/-/trim-right-1.0.1.tgz#cb2e1203067e0c8de1f614094b9fe45704ea6003"

ua-parser-js@^0.7.18:
  version "0.7.18"
  resolved "https://registry.yarnpkg.com/ua-parser-js/-/ua-parser-js-0.7.18.tgz#a7bfd92f56edfb117083b69e31d2aa8882d4b1ed"

unicode-canonical-property-names-ecmascript@^1.0.4:
  version "1.0.4"
  resolved "https://registry.yarnpkg.com/unicode-canonical-property-names-ecmascript/-/unicode-canonical-property-names-ecmascript-1.0.4.tgz#2619800c4c825800efdd8343af7dd9933cbe2818"

unicode-match-property-ecmascript@^1.0.4:
  version "1.0.4"
  resolved "https://registry.yarnpkg.com/unicode-match-property-ecmascript/-/unicode-match-property-ecmascript-1.0.4.tgz#8ed2a32569961bce9227d09cd3ffbb8fed5f020c"
  dependencies:
    unicode-canonical-property-names-ecmascript "^1.0.4"
    unicode-property-aliases-ecmascript "^1.0.4"

unicode-match-property-value-ecmascript@^1.0.2:
  version "1.0.2"
  resolved "https://registry.yarnpkg.com/unicode-match-property-value-ecmascript/-/unicode-match-property-value-ecmascript-1.0.2.tgz#9f1dc76926d6ccf452310564fd834ace059663d4"

unicode-property-aliases-ecmascript@^1.0.4:
  version "1.0.4"
  resolved "https://registry.yarnpkg.com/unicode-property-aliases-ecmascript/-/unicode-property-aliases-ecmascript-1.0.4.tgz#5a533f31b4317ea76f17d807fa0d116546111dd0"

whatwg-fetch@>=0.10.0:
  version "2.0.4"
  resolved "https://registry.yarnpkg.com/whatwg-fetch/-/whatwg-fetch-2.0.4.tgz#dde6a5df315f9d39991aa17621853d720b85566f"
